
Microsoft Visual Studio Solution File, Format Version 12.00
# Visual Studio Version 17
VisualStudioVersion = 17.2.32616.157
MinimumVisualStudioVersion = 10.0.40219.1
Project("{FAE04EC0-301F-11D3-BF4B-00C04F79EFBC}") = "dictionary", "dictionary.csproj", "{C967A971-BCD0-4D6E-A35A-7C9FF8234548}"
EndProject
Global
	GlobalSection(SolutionConfigurationPlatforms) = preSolution
		Debug|Any CPU = Debug|Any CPU
		Release|Any CPU = Release|Any CPU
	EndGlobalSection
	GlobalSection(ProjectConfigurationPlatforms) = postSolution
		{C967A971-BCD0-4D6E-A35A-7C9FF8234548}.Debug|Any CPU.ActiveCfg = Debug|Any CPU
		{C967A971-BCD0-4D6E-A35A-7C9FF8234548}.Debug|Any CPU.Build.0 = Debug|Any CPU
		{C967A971-BCD0-4D6E-A35A-7C9FF8234548}.Release|Any CPU.ActiveCfg = Release|Any CPU
		{C967A971-BCD0-4D6E-A35A-7C9FF8234548}.Release|Any CPU.Build.0 = Release|Any CPU
	EndGlobalSection
	GlobalSection(SolutionProperties) = preSolution
		HideSolutionNode = FALSE
	EndGlobalSection
	GlobalSection(ExtensibilityGlobals) = postSolution
		SolutionGuid = {E76BD9BC-7ABC-40A7-AA71-D8A431F1DDC1}
	EndGlobalSection
EndGlobal
